
Microsoft Visual Studio Solution File, Format Version 12.00
# Visual Studio Version 17
VisualStudioVersion = 17.10.34928.147
MinimumVisualStudioVersion = 10.0.40219.1
Project("{FAE04EC0-301F-11D3-BF4B-00C04F79EFBC}") = "Blazor_Machine_Manager", "Blazor_Machine_Manager.csproj", "{CA182209-BD3F-4118-80F3-012D2FEAA8A7}"
EndProject
Global
	GlobalSection(SolutionConfigurationPlatforms) = preSolution
		Debug|Any CPU = Debug|Any CPU
		Release|Any CPU = Release|Any CPU
	EndGlobalSection
	GlobalSection(ProjectConfigurationPlatforms) = postSolution
		{CA182209-BD3F-4118-80F3-012D2FEAA8A7}.Debug|Any CPU.ActiveCfg = Debug|Any CPU
		{CA182209-BD3F-4118-80F3-012D2FEAA8A7}.Debug|Any CPU.Build.0 = Debug|Any CPU
		{CA182209-BD3F-4118-80F3-012D2FEAA8A7}.Release|Any CPU.ActiveCfg = Release|Any CPU
		{CA182209-BD3F-4118-80F3-012D2FEAA8A7}.Release|Any CPU.Build.0 = Release|Any CPU
	EndGlobalSection
	GlobalSection(SolutionProperties) = preSolution
		HideSolutionNode = FALSE
	EndGlobalSection
	GlobalSection(ExtensibilityGlobals) = postSolution
		SolutionGuid = {1EE7776A-8C0F-48F0-8A98-1A956B29AA65}
	EndGlobalSection
EndGlobal
